// !$*UTF8*$!
{
	archiveVersion = 1;
	classes = {
	};
	objectVersion = 52;
	objects = {

/* Begin PBXBuildFile section */
		C13912CB2600B36D00C5F1EA /* UITextFieldDelegate.swift in Sources */ = {isa = PBXBuildFile; fileRef = C13912CA2600B36D00C5F1EA /* UITextFieldDelegate.swift */; };
		C13912CF2600B4B400C5F1EA /* UIViewController.swift in Sources */ = {isa = PBXBuildFile; fileRef = C13912CE2600B4B400C5F1EA /* UIViewController.swift */; };
		C13912D52600B90900C5F1EA /* HomeCoordinator.swift in Sources */ = {isa = PBXBuildFile; fileRef = C13912D42600B90900C5F1EA /* HomeCoordinator.swift */; };
		C13912D82600C20C00C5F1EA /* HomeViewModel.swift in Sources */ = {isa = PBXBuildFile; fileRef = C13912D72600C20C00C5F1EA /* HomeViewModel.swift */; };
		C15BB73325FF6F5800B69E5D /* Command.swift in Sources */ = {isa = PBXBuildFile; fileRef = C15BB73225FF6F5800B69E5D /* Command.swift */; };
		C15BB74325FF77D100B69E5D /* Assets.xcassets in Resources */ = {isa = PBXBuildFile; fileRef = C1F9763825FB867B0031B760 /* Assets.xcassets */; };
		C15BB74825FF78D500B69E5D /* WelcomeCoordinator.swift in Sources */ = {isa = PBXBuildFile; fileRef = C15BB74725FF78D500B69E5D /* WelcomeCoordinator.swift */; };
		C15BB74C25FF7BA200B69E5D /* StoryboardCreatable.swift in Sources */ = {isa = PBXBuildFile; fileRef = C15BB74B25FF7BA200B69E5D /* StoryboardCreatable.swift */; };
		C15BB75025FF7C7A00B69E5D /* WelcomeViewModel.swift in Sources */ = {isa = PBXBuildFile; fileRef = C15BB74F25FF7C7A00B69E5D /* WelcomeViewModel.swift */; };
		C15BB75F25FF9F8A00B69E5D /* LoginViewController.storyboard in Resources */ = {isa = PBXBuildFile; fileRef = C15BB75E25FF9F8A00B69E5D /* LoginViewController.storyboard */; };
		C15BB76225FF9F9900B69E5D /* LoginViewContoller.swift in Sources */ = {isa = PBXBuildFile; fileRef = C15BB76125FF9F9900B69E5D /* LoginViewContoller.swift */; };
		C15BB76625FFA16100B69E5D /* BaseNavigationVC.swift in Sources */ = {isa = PBXBuildFile; fileRef = C15BB76525FFA16100B69E5D /* BaseNavigationVC.swift */; };
		C15BB76925FFA78E00B69E5D /* UINavigationController.swift in Sources */ = {isa = PBXBuildFile; fileRef = C15BB76825FFA78E00B69E5D /* UINavigationController.swift */; };
		C15BB76C25FFAA2200B69E5D /* LoginCoordinator.swift in Sources */ = {isa = PBXBuildFile; fileRef = C15BB76B25FFAA2200B69E5D /* LoginCoordinator.swift */; };
		C15BB76F25FFB50300B69E5D /* LoginViewModel.swift in Sources */ = {isa = PBXBuildFile; fileRef = C15BB76E25FFB50300B69E5D /* LoginViewModel.swift */; };
		C15BB77225FFB5BA00B69E5D /* HomeViewController.swift in Sources */ = {isa = PBXBuildFile; fileRef = C15BB77125FFB5BA00B69E5D /* HomeViewController.swift */; };
		C15BB77525FFB5C800B69E5D /* HomeViewController.storyboard in Resources */ = {isa = PBXBuildFile; fileRef = C15BB77425FFB5C800B69E5D /* HomeViewController.storyboard */; };
		C15BB77825FFC5B500B69E5D /* LoginModel.swift in Sources */ = {isa = PBXBuildFile; fileRef = C15BB77725FFC5B500B69E5D /* LoginModel.swift */; };
		C1F9763025FB867A0031B760 /* AppDelegate.swift in Sources */ = {isa = PBXBuildFile; fileRef = C1F9762F25FB867A0031B760 /* AppDelegate.swift */; };
		C1F9763225FB867A0031B760 /* SceneDelegate.swift in Sources */ = {isa = PBXBuildFile; fileRef = C1F9763125FB867A0031B760 /* SceneDelegate.swift */; };
		C1F9763425FB867A0031B760 /* WelcomeViewController.swift in Sources */ = {isa = PBXBuildFile; fileRef = C1F9763325FB867A0031B760 /* WelcomeViewController.swift */; };
		C1F9763725FB867A0031B760 /* WelcomeViewController.storyboard in Resources */ = {isa = PBXBuildFile; fileRef = C1F9763525FB867A0031B760 /* WelcomeViewController.storyboard */; };
		C1F9763C25FB867B0031B760 /* LaunchScreen.storyboard in Resources */ = {isa = PBXBuildFile; fileRef = C1F9763A25FB867B0031B760 /* LaunchScreen.storyboard */; };
		C1F9766025FB93BF0031B760 /* GoogleService-Info.plist in Resources */ = {isa = PBXBuildFile; fileRef = C1F9765F25FB93BF0031B760 /* GoogleService-Info.plist */; };
		C1F9766425FB96C60031B760 /* FirebaseAuth in Frameworks */ = {isa = PBXBuildFile; productRef = C1F9766325FB96C60031B760 /* FirebaseAuth */; };
		C1F9766625FB96C60031B760 /* FirebaseFirestore in Frameworks */ = {isa = PBXBuildFile; productRef = C1F9766525FB96C60031B760 /* FirebaseFirestore */; };
/* End PBXBuildFile section */

/* Begin PBXFileReference section */
		C13912CA2600B36D00C5F1EA /* UITextFieldDelegate.swift */ = {isa = PBXFileReference; lastKnownFileType = sourcecode.swift; path = UITextFieldDelegate.swift; sourceTree = "<group>"; };
		C13912CE2600B4B400C5F1EA /* UIViewController.swift */ = {isa = PBXFileReference; lastKnownFileType = sourcecode.swift; path = UIViewController.swift; sourceTree = "<group>"; };
		C13912D42600B90900C5F1EA /* HomeCoordinator.swift */ = {isa = PBXFileReference; lastKnownFileType = sourcecode.swift; path = HomeCoordinator.swift; sourceTree = "<group>"; };
		C13912D72600C20C00C5F1EA /* HomeViewModel.swift */ = {isa = PBXFileReference; lastKnownFileType = sourcecode.swift; path = HomeViewModel.swift; sourceTree = "<group>"; };
		C15BB73225FF6F5800B69E5D /* Command.swift */ = {isa = PBXFileReference; lastKnownFileType = sourcecode.swift; path = Command.swift; sourceTree = "<group>"; };
		C15BB74725FF78D500B69E5D /* WelcomeCoordinator.swift */ = {isa = PBXFileReference; lastKnownFileType = sourcecode.swift; path = WelcomeCoordinator.swift; sourceTree = "<group>"; };
		C15BB74B25FF7BA200B69E5D /* StoryboardCreatable.swift */ = {isa = PBXFileReference; lastKnownFileType = sourcecode.swift; path = StoryboardCreatable.swift; sourceTree = "<group>"; };
		C15BB74F25FF7C7A00B69E5D /* WelcomeViewModel.swift */ = {isa = PBXFileReference; lastKnownFileType = sourcecode.swift; path = WelcomeViewModel.swift; sourceTree = "<group>"; };
		C15BB75E25FF9F8A00B69E5D /* LoginViewController.storyboard */ = {isa = PBXFileReference; lastKnownFileType = file.storyboard; path = LoginViewController.storyboard; sourceTree = "<group>"; };
		C15BB76125FF9F9900B69E5D /* LoginViewContoller.swift */ = {isa = PBXFileReference; lastKnownFileType = sourcecode.swift; path = LoginViewContoller.swift; sourceTree = "<group>"; };
		C15BB76525FFA16100B69E5D /* BaseNavigationVC.swift */ = {isa = PBXFileReference; lastKnownFileType = sourcecode.swift; path = BaseNavigationVC.swift; sourceTree = "<group>"; };
		C15BB76825FFA78E00B69E5D /* UINavigationController.swift */ = {isa = PBXFileReference; lastKnownFileType = sourcecode.swift; path = UINavigationController.swift; sourceTree = "<group>"; };
		C15BB76B25FFAA2200B69E5D /* LoginCoordinator.swift */ = {isa = PBXFileReference; lastKnownFileType = sourcecode.swift; path = LoginCoordinator.swift; sourceTree = "<group>"; };
		C15BB76E25FFB50300B69E5D /* LoginViewModel.swift */ = {isa = PBXFileReference; lastKnownFileType = sourcecode.swift; path = LoginViewModel.swift; sourceTree = "<group>"; };
		C15BB77125FFB5BA00B69E5D /* HomeViewController.swift */ = {isa = PBXFileReference; lastKnownFileType = sourcecode.swift; path = HomeViewController.swift; sourceTree = "<group>"; };
		C15BB77425FFB5C800B69E5D /* HomeViewController.storyboard */ = {isa = PBXFileReference; lastKnownFileType = file.storyboard; path = HomeViewController.storyboard; sourceTree = "<group>"; };
		C15BB77725FFC5B500B69E5D /* LoginModel.swift */ = {isa = PBXFileReference; lastKnownFileType = sourcecode.swift; path = LoginModel.swift; sourceTree = "<group>"; };
		C1F9762C25FB867A0031B760 /* Chat.app */ = {isa = PBXFileReference; explicitFileType = wrapper.application; includeInIndex = 0; path = Chat.app; sourceTree = BUILT_PRODUCTS_DIR; };
		C1F9762F25FB867A0031B760 /* AppDelegate.swift */ = {isa = PBXFileReference; lastKnownFileType = sourcecode.swift; path = AppDelegate.swift; sourceTree = "<group>"; };
		C1F9763125FB867A0031B760 /* SceneDelegate.swift */ = {isa = PBXFileReference; lastKnownFileType = sourcecode.swift; path = SceneDelegate.swift; sourceTree = "<group>"; };
		C1F9763325FB867A0031B760 /* WelcomeViewController.swift */ = {isa = PBXFileReference; lastKnownFileType = sourcecode.swift; path = WelcomeViewController.swift; sourceTree = "<group>"; };
		C1F9763625FB867A0031B760 /* Base */ = {isa = PBXFileReference; lastKnownFileType = file.storyboard; name = Base; path = Base.lproj/WelcomeViewController.storyboard; sourceTree = "<group>"; };
		C1F9763825FB867B0031B760 /* Assets.xcassets */ = {isa = PBXFileReference; lastKnownFileType = folder.assetcatalog; path = Assets.xcassets; sourceTree = "<group>"; };
		C1F9763B25FB867B0031B760 /* Base */ = {isa = PBXFileReference; lastKnownFileType = file.storyboard; name = Base; path = Base.lproj/LaunchScreen.storyboard; sourceTree = "<group>"; };
		C1F9763D25FB867B0031B760 /* Info.plist */ = {isa = PBXFileReference; lastKnownFileType = text.plist.xml; path = Info.plist; sourceTree = "<group>"; };
		C1F9765F25FB93BF0031B760 /* GoogleService-Info.plist */ = {isa = PBXFileReference; fileEncoding = 4; lastKnownFileType = text.plist.xml; path = "GoogleService-Info.plist"; sourceTree = "<group>"; };
/* End PBXFileReference section */

/* Begin PBXFrameworksBuildPhase section */
		C1F9762925FB867A0031B760 /* Frameworks */ = {
			isa = PBXFrameworksBuildPhase;
			buildActionMask = 2147483647;
			files = (
				C1F9766425FB96C60031B760 /* FirebaseAuth in Frameworks */,
				C1F9766625FB96C60031B760 /* FirebaseFirestore in Frameworks */,
			);
			runOnlyForDeploymentPostprocessing = 0;
		};
/* End PBXFrameworksBuildPhase section */

/* Begin PBXGroup section */
		C13912D12600B8D500C5F1EA /* View */ = {
			isa = PBXGroup;
			children = (
				C15BB77125FFB5BA00B69E5D /* HomeViewController.swift */,
				C15BB77425FFB5C800B69E5D /* HomeViewController.storyboard */,
			);
			path = View;
			sourceTree = "<group>";
		};
		C13912D22600B8DE00C5F1EA /* ViewModel */ = {
			isa = PBXGroup;
			children = (
				C13912D72600C20C00C5F1EA /* HomeViewModel.swift */,
			);
			path = ViewModel;
			sourceTree = "<group>";
		};
		C13912D32600B8E700C5F1EA /* Coordinator */ = {
			isa = PBXGroup;
			children = (
				C13912D42600B90900C5F1EA /* HomeCoordinator.swift */,
			);
			path = Coordinator;
			sourceTree = "<group>";
		};
		C15BB73025FF6E2500B69E5D /* Helpers */ = {
			isa = PBXGroup;
			children = (
				C15BB73225FF6F5800B69E5D /* Command.swift */,
				C15BB76525FFA16100B69E5D /* BaseNavigationVC.swift */,
			);
			path = Helpers;
			sourceTree = "<group>";
		};
		C15BB73125FF6E6100B69E5D /* General */ = {
			isa = PBXGroup;
			children = (
				C1F9762F25FB867A0031B760 /* AppDelegate.swift */,
				C1F9763825FB867B0031B760 /* Assets.xcassets */,
				C1F9765F25FB93BF0031B760 /* GoogleService-Info.plist */,
				C1F9763D25FB867B0031B760 /* Info.plist */,
				C1F9763A25FB867B0031B760 /* LaunchScreen.storyboard */,
				C1F9763125FB867A0031B760 /* SceneDelegate.swift */,
			);
			path = General;
			sourceTree = "<group>";
		};
		C15BB74A25FF7B6A00B69E5D /* Extensions */ = {
			isa = PBXGroup;
			children = (
				C15BB74B25FF7BA200B69E5D /* StoryboardCreatable.swift */,
				C15BB76825FFA78E00B69E5D /* UINavigationController.swift */,
				C13912CA2600B36D00C5F1EA /* UITextFieldDelegate.swift */,
				C13912CE2600B4B400C5F1EA /* UIViewController.swift */,
			);
			path = Extensions;
			sourceTree = "<group>";
		};
		C15BB75825FF9E7500B69E5D /* Login */ = {
			isa = PBXGroup;
			children = (
				C15BB75925FF9E8500B69E5D /* Coordinator */,
				C15BB75A25FF9E9000B69E5D /* Model */,
				C15BB75B25FF9E9700B69E5D /* View */,
				C15BB75C25FF9E9C00B69E5D /* ViewModel */,
			);
			path = Login;
			sourceTree = "<group>";
		};
		C15BB75925FF9E8500B69E5D /* Coordinator */ = {
			isa = PBXGroup;
			children = (
				C15BB76B25FFAA2200B69E5D /* LoginCoordinator.swift */,
			);
			path = Coordinator;
			sourceTree = "<group>";
		};
		C15BB75A25FF9E9000B69E5D /* Model */ = {
			isa = PBXGroup;
			children = (
				C15BB77725FFC5B500B69E5D /* LoginModel.swift */,
			);
			path = Model;
			sourceTree = "<group>";
		};
		C15BB75B25FF9E9700B69E5D /* View */ = {
			isa = PBXGroup;
			children = (
				C15BB76125FF9F9900B69E5D /* LoginViewContoller.swift */,
				C15BB75E25FF9F8A00B69E5D /* LoginViewController.storyboard */,
			);
			path = View;
			sourceTree = "<group>";
		};
		C15BB75C25FF9E9C00B69E5D /* ViewModel */ = {
			isa = PBXGroup;
			children = (
				C15BB76E25FFB50300B69E5D /* LoginViewModel.swift */,
			);
			path = ViewModel;
			sourceTree = "<group>";
		};
		C1F9762325FB867A0031B760 = {
			isa = PBXGroup;
			children = (
				C1F9762E25FB867A0031B760 /* Chat */,
				C1F9762D25FB867A0031B760 /* Products */,
			);
			sourceTree = "<group>";
		};
		C1F9762D25FB867A0031B760 /* Products */ = {
			isa = PBXGroup;
			children = (
				C1F9762C25FB867A0031B760 /* Chat.app */,
			);
			name = Products;
			sourceTree = "<group>";
		};
		C1F9762E25FB867A0031B760 /* Chat */ = {
			isa = PBXGroup;
			children = (
				C15BB74A25FF7B6A00B69E5D /* Extensions */,
				C15BB73125FF6E6100B69E5D /* General */,
				C15BB73025FF6E2500B69E5D /* Helpers */,
				C1F9765C25FB88060031B760 /* Module */,
			);
			path = Chat;
			sourceTree = "<group>";
		};
		C1F9765C25FB88060031B760 /* Module */ = {
			isa = PBXGroup;
			children = (
				C1F9765E25FB916A0031B760 /* Home */,
				C15BB75825FF9E7500B69E5D /* Login */,
				C1F9766825FB97500031B760 /* Welcome */,
			);
			path = Module;
			sourceTree = "<group>";
		};
		C1F9765E25FB916A0031B760 /* Home */ = {
			isa = PBXGroup;
			children = (
				C13912D32600B8E700C5F1EA /* Coordinator */,
				C13912D12600B8D500C5F1EA /* View */,
				C13912D22600B8DE00C5F1EA /* ViewModel */,
			);
			path = Home;
			sourceTree = "<group>";
		};
		C1F9766825FB97500031B760 /* Welcome */ = {
			isa = PBXGroup;
			children = (
				C1F9766A25FB98090031B760 /* Coordinator */,
				C1F9767025FB981D0031B760 /* View */,
				C1F9766E25FB98150031B760 /* ViewModel */,
			);
			path = Welcome;
			sourceTree = "<group>";
		};
		C1F9766A25FB98090031B760 /* Coordinator */ = {
			isa = PBXGroup;
			children = (
				C15BB74725FF78D500B69E5D /* WelcomeCoordinator.swift */,
			);
			path = Coordinator;
			sourceTree = "<group>";
		};
		C1F9766E25FB98150031B760 /* ViewModel */ = {
			isa = PBXGroup;
			children = (
				C15BB74F25FF7C7A00B69E5D /* WelcomeViewModel.swift */,
			);
			path = ViewModel;
			sourceTree = "<group>";
		};
		C1F9767025FB981D0031B760 /* View */ = {
			isa = PBXGroup;
			children = (
				C1F9763325FB867A0031B760 /* WelcomeViewController.swift */,
				C1F9763525FB867A0031B760 /* WelcomeViewController.storyboard */,
			);
			path = View;
			sourceTree = "<group>";
		};
/* End PBXGroup section */

/* Begin PBXNativeTarget section */
		C1F9762B25FB867A0031B760 /* Chat */ = {
			isa = PBXNativeTarget;
			buildConfigurationList = C1F9764025FB867B0031B760 /* Build configuration list for PBXNativeTarget "Chat" */;
			buildPhases = (
				C1F9762825FB867A0031B760 /* Sources */,
				C1F9762925FB867A0031B760 /* Frameworks */,
				C1F9762A25FB867A0031B760 /* Resources */,
			);
			buildRules = (
			);
			dependencies = (
			);
			name = Chat;
			packageProductDependencies = (
				C1F9766325FB96C60031B760 /* FirebaseAuth */,
				C1F9766525FB96C60031B760 /* FirebaseFirestore */,
			);
			productName = Chat;
			productReference = C1F9762C25FB867A0031B760 /* Chat.app */;
			productType = "com.apple.product-type.application";
		};
/* End PBXNativeTarget section */

/* Begin PBXProject section */
		C1F9762425FB867A0031B760 /* Project object */ = {
			isa = PBXProject;
			attributes = {
				LastSwiftUpdateCheck = 1240;
				LastUpgradeCheck = 1240;
				TargetAttributes = {
					C1F9762B25FB867A0031B760 = {
						CreatedOnToolsVersion = 12.4;
					};
				};
			};
			buildConfigurationList = C1F9762725FB867A0031B760 /* Build configuration list for PBXProject "Chat" */;
			compatibilityVersion = "Xcode 9.3";
			developmentRegion = en;
			hasScannedForEncodings = 0;
			knownRegions = (
				en,
				Base,
			);
			mainGroup = C1F9762325FB867A0031B760;
			packageReferences = (
				C1F9766225FB96C60031B760 /* XCRemoteSwiftPackageReference "firebase-ios-sdk" */,
			);
			productRefGroup = C1F9762D25FB867A0031B760 /* Products */;
			projectDirPath = "";
			projectRoot = "";
			targets = (
				C1F9762B25FB867A0031B760 /* Chat */,
			);
		};
/* End PBXProject section */

/* Begin PBXResourcesBuildPhase section */
		C1F9762A25FB867A0031B760 /* Resources */ = {
			isa = PBXResourcesBuildPhase;
			buildActionMask = 2147483647;
			files = (
				C15BB74325FF77D100B69E5D /* Assets.xcassets in Resources */,
				C1F9763C25FB867B0031B760 /* LaunchScreen.storyboard in Resources */,
				C15BB77525FFB5C800B69E5D /* HomeViewController.storyboard in Resources */,
				C15BB75F25FF9F8A00B69E5D /* LoginViewController.storyboard in Resources */,
				C1F9766025FB93BF0031B760 /* GoogleService-Info.plist in Resources */,
				C1F9763725FB867A0031B760 /* WelcomeViewController.storyboard in Resources */,
			);
			runOnlyForDeploymentPostprocessing = 0;
		};
/* End PBXResourcesBuildPhase section */

/* Begin PBXSourcesBuildPhase section */
		C1F9762825FB867A0031B760 /* Sources */ = {
			isa = PBXSourcesBuildPhase;
			buildActionMask = 2147483647;
			files = (
				C15BB74C25FF7BA200B69E5D /* StoryboardCreatable.swift in Sources */,
				C13912D82600C20C00C5F1EA /* HomeViewModel.swift in Sources */,
				C15BB77825FFC5B500B69E5D /* LoginModel.swift in Sources */,
				C15BB76925FFA78E00B69E5D /* UINavigationController.swift in Sources */,
				C13912D52600B90900C5F1EA /* HomeCoordinator.swift in Sources */,
				C15BB76225FF9F9900B69E5D /* LoginViewContoller.swift in Sources */,
				C1F9763425FB867A0031B760 /* WelcomeViewController.swift in Sources */,
				C15BB76C25FFAA2200B69E5D /* LoginCoordinator.swift in Sources */,
				C1F9763025FB867A0031B760 /* AppDelegate.swift in Sources */,
				C15BB75025FF7C7A00B69E5D /* WelcomeViewModel.swift in Sources */,
				C15BB74825FF78D500B69E5D /* WelcomeCoordinator.swift in Sources */,
				C15BB76F25FFB50300B69E5D /* LoginViewModel.swift in Sources */,
				C1F9763225FB867A0031B760 /* SceneDelegate.swift in Sources */,
				C13912CB2600B36D00C5F1EA /* UITextFieldDelegate.swift in Sources */,
				C15BB76625FFA16100B69E5D /* BaseNavigationVC.swift in Sources */,
				C15BB77225FFB5BA00B69E5D /* HomeViewController.swift in Sources */,
				C13912CF2600B4B400C5F1EA /* UIViewController.swift in Sources */,
				C15BB73325FF6F5800B69E5D /* Command.swift in Sources */,
			);
			runOnlyForDeploymentPostprocessing = 0;
		};
/* End PBXSourcesBuildPhase section */

/* Begin PBXVariantGroup section */
		C1F9763525FB867A0031B760 /* WelcomeViewController.storyboard */ = {
			isa = PBXVariantGroup;
			children = (
				C1F9763625FB867A0031B760 /* Base */,
			);
			name = WelcomeViewController.storyboard;
			sourceTree = "<group>";
		};
		C1F9763A25FB867B0031B760 /* LaunchScreen.storyboard */ = {
			isa = PBXVariantGroup;
			children = (
				C1F9763B25FB867B0031B760 /* Base */,
			);
			name = LaunchScreen.storyboard;
			sourceTree = "<group>";
		};
/* End PBXVariantGroup section */

/* Begin XCBuildConfiguration section */
		C1F9763E25FB867B0031B760 /* Debug */ = {
			isa = XCBuildConfiguration;
			buildSettings = {
				ALWAYS_SEARCH_USER_PATHS = NO;
				CLANG_ANALYZER_NONNULL = YES;
				CLANG_ANALYZER_NUMBER_OBJECT_CONVERSION = YES_AGGRESSIVE;
				CLANG_CXX_LANGUAGE_STANDARD = "gnu++14";
				CLANG_CXX_LIBRARY = "libc++";
				CLANG_ENABLE_MODULES = YES;
				CLANG_ENABLE_OBJC_ARC = YES;
				CLANG_ENABLE_OBJC_WEAK = YES;
				CLANG_WARN_BLOCK_CAPTURE_AUTORELEASING = YES;
				CLANG_WARN_BOOL_CONVERSION = YES;
				CLANG_WARN_COMMA = YES;
				CLANG_WARN_CONSTANT_CONVERSION = YES;
				CLANG_WARN_DEPRECATED_OBJC_IMPLEMENTATIONS = YES;
				CLANG_WARN_DIRECT_OBJC_ISA_USAGE = YES_ERROR;
				CLANG_WARN_DOCUMENTATION_COMMENTS = YES;
				CLANG_WARN_EMPTY_BODY = YES;
				CLANG_WARN_ENUM_CONVERSION = YES;
				CLANG_WARN_INFINITE_RECURSION = YES;
				CLANG_WARN_INT_CONVERSION = YES;
				CLANG_WARN_NON_LITERAL_NULL_CONVERSION = YES;
				CLANG_WARN_OBJC_IMPLICIT_RETAIN_SELF = YES;
				CLANG_WARN_OBJC_LITERAL_CONVERSION = YES;
				CLANG_WARN_OBJC_ROOT_CLASS = YES_ERROR;
				CLANG_WARN_QUOTED_INCLUDE_IN_FRAMEWORK_HEADER = YES;
				CLANG_WARN_RANGE_LOOP_ANALYSIS = YES;
				CLANG_WARN_STRICT_PROTOTYPES = YES;
				CLANG_WARN_SUSPICIOUS_MOVE = YES;
				CLANG_WARN_UNGUARDED_AVAILABILITY = YES_AGGRESSIVE;
				CLANG_WARN_UNREACHABLE_CODE = YES;
				CLANG_WARN__DUPLICATE_METHOD_MATCH = YES;
				COPY_PHASE_STRIP = NO;
				DEBUG_INFORMATION_FORMAT = dwarf;
				ENABLE_STRICT_OBJC_MSGSEND = YES;
				ENABLE_TESTABILITY = YES;
				GCC_C_LANGUAGE_STANDARD = gnu11;
				GCC_DYNAMIC_NO_PIC = NO;
				GCC_NO_COMMON_BLOCKS = YES;
				GCC_OPTIMIZATION_LEVEL = 0;
				GCC_PREPROCESSOR_DEFINITIONS = (
					"DEBUG=1",
					"$(inherited)",
				);
				GCC_WARN_64_TO_32_BIT_CONVERSION = YES;
				GCC_WARN_ABOUT_RETURN_TYPE = YES_ERROR;
				GCC_WARN_UNDECLARED_SELECTOR = YES;
				GCC_WARN_UNINITIALIZED_AUTOS = YES_AGGRESSIVE;
				GCC_WARN_UNUSED_FUNCTION = YES;
				GCC_WARN_UNUSED_VARIABLE = YES;
				IPHONEOS_DEPLOYMENT_TARGET = 14.4;
				MTL_ENABLE_DEBUG_INFO = INCLUDE_SOURCE;
				MTL_FAST_MATH = YES;
				ONLY_ACTIVE_ARCH = YES;
				SDKROOT = iphoneos;
				SWIFT_ACTIVE_COMPILATION_CONDITIONS = DEBUG;
				SWIFT_OPTIMIZATION_LEVEL = "-Onone";
			};
			name = Debug;
		};
		C1F9763F25FB867B0031B760 /* Release */ = {
			isa = XCBuildConfiguration;
			buildSettings = {
				ALWAYS_SEARCH_USER_PATHS = NO;
				CLANG_ANALYZER_NONNULL = YES;
				CLANG_ANALYZER_NUMBER_OBJECT_CONVERSION = YES_AGGRESSIVE;
				CLANG_CXX_LANGUAGE_STANDARD = "gnu++14";
				CLANG_CXX_LIBRARY = "libc++";
				CLANG_ENABLE_MODULES = YES;
				CLANG_ENABLE_OBJC_ARC = YES;
				CLANG_ENABLE_OBJC_WEAK = YES;
				CLANG_WARN_BLOCK_CAPTURE_AUTORELEASING = YES;
				CLANG_WARN_BOOL_CONVERSION = YES;
				CLANG_WARN_COMMA = YES;
				CLANG_WARN_CONSTANT_CONVERSION = YES;
				CLANG_WARN_DEPRECATED_OBJC_IMPLEMENTATIONS = YES;
				CLANG_WARN_DIRECT_OBJC_ISA_USAGE = YES_ERROR;
				CLANG_WARN_DOCUMENTATION_COMMENTS = YES;
				CLANG_WARN_EMPTY_BODY = YES;
				CLANG_WARN_ENUM_CONVERSION = YES;
				CLANG_WARN_INFINITE_RECURSION = YES;
				CLANG_WARN_INT_CONVERSION = YES;
				CLANG_WARN_NON_LITERAL_NULL_CONVERSION = YES;
				CLANG_WARN_OBJC_IMPLICIT_RETAIN_SELF = YES;
				CLANG_WARN_OBJC_LITERAL_CONVERSION = YES;
				CLANG_WARN_OBJC_ROOT_CLASS = YES_ERROR;
				CLANG_WARN_QUOTED_INCLUDE_IN_FRAMEWORK_HEADER = YES;
				CLANG_WARN_RANGE_LOOP_ANALYSIS = YES;
				CLANG_WARN_STRICT_PROTOTYPES = YES;
				CLANG_WARN_SUSPICIOUS_MOVE = YES;
				CLANG_WARN_UNGUARDED_AVAILABILITY = YES_AGGRESSIVE;
				CLANG_WARN_UNREACHABLE_CODE = YES;
				CLANG_WARN__DUPLICATE_METHOD_MATCH = YES;
				COPY_PHASE_STRIP = NO;
				DEBUG_INFORMATION_FORMAT = "dwarf-with-dsym";
				ENABLE_NS_ASSERTIONS = NO;
				ENABLE_STRICT_OBJC_MSGSEND = YES;
				GCC_C_LANGUAGE_STANDARD = gnu11;
				GCC_NO_COMMON_BLOCKS = YES;
				GCC_WARN_64_TO_32_BIT_CONVERSION = YES;
				GCC_WARN_ABOUT_RETURN_TYPE = YES_ERROR;
				GCC_WARN_UNDECLARED_SELECTOR = YES;
				GCC_WARN_UNINITIALIZED_AUTOS = YES_AGGRESSIVE;
				GCC_WARN_UNUSED_FUNCTION = YES;
				GCC_WARN_UNUSED_VARIABLE = YES;
				IPHONEOS_DEPLOYMENT_TARGET = 14.4;
				MTL_ENABLE_DEBUG_INFO = NO;
				MTL_FAST_MATH = YES;
				SDKROOT = iphoneos;
				SWIFT_COMPILATION_MODE = wholemodule;
				SWIFT_OPTIMIZATION_LEVEL = "-O";
				VALIDATE_PRODUCT = YES;
			};
			name = Release;
		};
		C1F9764125FB867B0031B760 /* Debug */ = {
			isa = XCBuildConfiguration;
			buildSettings = {
				ASSETCATALOG_COMPILER_APPICON_NAME = AppIcon;
				ASSETCATALOG_COMPILER_GLOBAL_ACCENT_COLOR_NAME = AccentColor;
				CODE_SIGN_STYLE = Automatic;
				DEVELOPMENT_TEAM = 46X85M39K4;
				INFOPLIST_FILE = Chat/General/Info.plist;
				LD_RUNPATH_SEARCH_PATHS = (
					"$(inherited)",
					"@executable_path/Frameworks",
				);
				PRODUCT_BUNDLE_IDENTIFIER = ivanherashchenko.Chat;
				PRODUCT_NAME = "$(TARGET_NAME)";
				SWIFT_VERSION = 5.0;
				TARGETED_DEVICE_FAMILY = "1,2";
			};
			name = Debug;
		};
		C1F9764225FB867B0031B760 /* Release */ = {
			isa = XCBuildConfiguration;
			buildSettings = {
				ASSETCATALOG_COMPILER_APPICON_NAME = AppIcon;
				ASSETCATALOG_COMPILER_GLOBAL_ACCENT_COLOR_NAME = AccentColor;
				CODE_SIGN_STYLE = Automatic;
				DEVELOPMENT_TEAM = 46X85M39K4;
				INFOPLIST_FILE = Chat/General/Info.plist;
				LD_RUNPATH_SEARCH_PATHS = (
					"$(inherited)",
					"@executable_path/Frameworks",
				);
				PRODUCT_BUNDLE_IDENTIFIER = ivanherashchenko.Chat;
				PRODUCT_NAME = "$(TARGET_NAME)";
				SWIFT_VERSION = 5.0;
				TARGETED_DEVICE_FAMILY = "1,2";
			};
			name = Release;
		};
/* End XCBuildConfiguration section */

/* Begin XCConfigurationList section */
		C1F9762725FB867A0031B760 /* Build configuration list for PBXProject "Chat" */ = {
			isa = XCConfigurationList;
			buildConfigurations = (
				C1F9763E25FB867B0031B760 /* Debug */,
				C1F9763F25FB867B0031B760 /* Release */,
			);
			defaultConfigurationIsVisible = 0;
			defaultConfigurationName = Release;
		};
		C1F9764025FB867B0031B760 /* Build configuration list for PBXNativeTarget "Chat" */ = {
			isa = XCConfigurationList;
			buildConfigurations = (
				C1F9764125FB867B0031B760 /* Debug */,
				C1F9764225FB867B0031B760 /* Release */,
			);
			defaultConfigurationIsVisible = 0;
			defaultConfigurationName = Release;
		};
/* End XCConfigurationList section */

/* Begin XCRemoteSwiftPackageReference section */
		C1F9766225FB96C60031B760 /* XCRemoteSwiftPackageReference "firebase-ios-sdk" */ = {
			isa = XCRemoteSwiftPackageReference;
			repositoryURL = "https://github.com/firebase/firebase-ios-sdk.git";
			requirement = {
				kind = upToNextMajorVersion;
				minimumVersion = 7.8.0;
			};
		};
/* End XCRemoteSwiftPackageReference section */

/* Begin XCSwiftPackageProductDependency section */
		C1F9766325FB96C60031B760 /* FirebaseAuth */ = {
			isa = XCSwiftPackageProductDependency;
			package = C1F9766225FB96C60031B760 /* XCRemoteSwiftPackageReference "firebase-ios-sdk" */;
			productName = FirebaseAuth;
		};
		C1F9766525FB96C60031B760 /* FirebaseFirestore */ = {
			isa = XCSwiftPackageProductDependency;
			package = C1F9766225FB96C60031B760 /* XCRemoteSwiftPackageReference "firebase-ios-sdk" */;
			productName = FirebaseFirestore;
		};
/* End XCSwiftPackageProductDependency section */
	};
	rootObject = C1F9762425FB867A0031B760 /* Project object */;
}
